lockfileVersion: '6.0'

settings:
  autoInstallPeers: true
  excludeLinksFromLockfile: false

dependencies:
  keypress:
    specifier: ^0.2.1
    version: 0.2.1

devDependencies:
  '@types/keypress':
    specifier: ^2.0.30
    version: 2.0.30
  '@types/node':
    specifier: ^20.9.0
    version: 20.9.0

packages:

  /@types/keypress@2.0.30:
    resolution: {integrity: sha512-PCS6Mrv4gbQ9167E25nuVmqerT4xM/zWuVFTLfHdQgBwmsfMj2kXR1DI3qZ5N3p21gbrPweRghci2CjMHRCWkA==}
    deprecated: '''@types/keypress'' is now ''@types/keypress.js'''
    dev: true

  /@types/node@20.9.0:
    resolution: {integrity: sha512-nekiGu2NDb1BcVofVcEKMIwzlx4NjHlcjhoxxKBNLtz15Y1z7MYf549DFvkHSId02Ax6kGwWntIBPC3l/JZcmw==}
    dependencies:
      undici-types: 5.26.5
    dev: true

  /keypress@0.2.1:
    resolution: {integrity: sha512-HjorDJFNhnM4SicvaUXac0X77NiskggxJdesG72+O5zBKpSqKFCrqmndKVqpu3pFqkla0St6uGk8Ju0sCurrmg==}
    dev: false

  /undici-types@5.26.5:
    resolution: {integrity: sha512-JlCMO+ehdEIKqlFxk6IfVoAUVmgz7cU7zD/h9XZ0qzeosSHmUJVOzSQvvYSYWXkFXC+IfLKSIffhv0sVZup6pA==}
    dev: true
